
Microsoft Visual Studio Solution File, Format Version 12.00
# Visual Studio Version 17
VisualStudioVersion = 17.4.33103.184
MinimumVisualStudioVersion = 10.0.40219.1
Project("{8BC9CEB8-8B4A-11D0-8D11-00A0C91BC942}") = "DirectX_App", "DirectX_App\DirectX_App.vcxproj", "{175C4523-A33C-414E-B362-BA9C75F859EE}"
	ProjectSection(ProjectDependencies) = postProject
		{012509BD-0610-46F2-BCEF-076C0828D24F} = {012509BD-0610-46F2-BCEF-076C0828D24F}
		{2F7A8BF8-A9AA-4AB1-9B91-C8D126C25CA6} = {2F7A8BF8-A9AA-4AB1-9B91-C8D126C25CA6}
		{4FCB06A4-36BC-495F-8A16-1C25998007A2} = {4FCB06A4-36BC-495F-8A16-1C25998007A2}
		{A6E9BFEE-96EC-4FC9-9219-12202F5126CC} = {A6E9BFEE-96EC-4FC9-9219-12202F5126CC}
	EndProjectSection
EndProject
Project("{8BC9CEB8-8B4A-11D0-8D11-00A0C91BC942}") = "GameEngineBase", "GameEngineBase\GameEngineBase.vcxproj", "{A6E9BFEE-96EC-4FC9-9219-12202F5126CC}"
EndProject
Project("{8BC9CEB8-8B4A-11D0-8D11-00A0C91BC942}") = "GameEnginePlatform", "GameEnginePlatform\GameEnginePlatform.vcxproj", "{012509BD-0610-46F2-BCEF-076C0828D24F}"
	ProjectSection(ProjectDependencies) = postProject
		{A6E9BFEE-96EC-4FC9-9219-12202F5126CC} = {A6E9BFEE-96EC-4FC9-9219-12202F5126CC}
	EndProjectSection
EndProject
Project("{2150E333-8FDC-42A3-9474-1A3956D46DE8}") = "App", "App", "{E57B7A58-3F90-4715-9151-F0ABC067C8FD}"
EndProject
Project("{2150E333-8FDC-42A3-9474-1A3956D46DE8}") = "Contents", "Contents", "{DB08872A-9A37-43DB-AD8D-2A8E19F0B5E9}"
EndProject
Project("{2150E333-8FDC-42A3-9474-1A3956D46DE8}") = "Engine", "Engine", "{64BE693C-E0A0-439A-9615-A84048679D63}"
EndProject
Project("{2150E333-8FDC-42A3-9474-1A3956D46DE8}") = "Level0", "Level0", "{C61C9F26-0F19-4707-8B9F-BA0FDAE3100E}"
EndProject
Project("{2150E333-8FDC-42A3-9474-1A3956D46DE8}") = "Level1", "Level1", "{F70C7F92-0C09-4FC0-835F-63C95EBFF92C}"
EndProject
Project("{8BC9CEB8-8B4A-11D0-8D11-00A0C91BC942}") = "GameEngineCore", "GameEngineCore\GameEngineCore.vcxproj", "{4FCB06A4-36BC-495F-8A16-1C25998007A2}"
	ProjectSection(ProjectDependencies) = postProject
		{012509BD-0610-46F2-BCEF-076C0828D24F} = {012509BD-0610-46F2-BCEF-076C0828D24F}
		{A6E9BFEE-96EC-4FC9-9219-12202F5126CC} = {A6E9BFEE-96EC-4FC9-9219-12202F5126CC}
	EndProjectSection
EndProject
Project("{8BC9CEB8-8B4A-11D0-8D11-00A0C91BC942}") = "GameEngineContent", "GameEngineContent\GameEngineContent.vcxproj", "{2F7A8BF8-A9AA-4AB1-9B91-C8D126C25CA6}"
	ProjectSection(ProjectDependencies) = postProject
		{012509BD-0610-46F2-BCEF-076C0828D24F} = {012509BD-0610-46F2-BCEF-076C0828D24F}
		{4FCB06A4-36BC-495F-8A16-1C25998007A2} = {4FCB06A4-36BC-495F-8A16-1C25998007A2}
		{A6E9BFEE-96EC-4FC9-9219-12202F5126CC} = {A6E9BFEE-96EC-4FC9-9219-12202F5126CC}
	EndProjectSection
EndProject
Project("{8BC9CEB8-8B4A-11D0-8D11-00A0C91BC942}") = "ContentShader", "ContentShader\ContentShader.vcxproj", "{C676E7D8-8F03-498B-9030-20A34EED832E}"
EndProject
Global
	GlobalSection(SolutionConfigurationPlatforms) = preSolution
		Debug|x64 = Debug|x64
		Debug|x86 = Debug|x86
		Release|x64 = Release|x64
		Release|x86 = Release|x86
	EndGlobalSection
	GlobalSection(ProjectConfigurationPlatforms) = postSolution
		{175C4523-A33C-414E-B362-BA9C75F859EE}.Debug|x64.ActiveCfg = Debug|x64
		{175C4523-A33C-414E-B362-BA9C75F859EE}.Debug|x64.Build.0 = Debug|x64
		{175C4523-A33C-414E-B362-BA9C75F859EE}.Debug|x86.ActiveCfg = Debug|Win32
		{175C4523-A33C-414E-B362-BA9C75F859EE}.Debug|x86.Build.0 = Debug|Win32
		{175C4523-A33C-414E-B362-BA9C75F859EE}.Release|x64.ActiveCfg = Release|x64
		{175C4523-A33C-414E-B362-BA9C75F859EE}.Release|x64.Build.0 = Release|x64
		{175C4523-A33C-414E-B362-BA9C75F859EE}.Release|x86.ActiveCfg = Release|Win32
		{175C4523-A33C-414E-B362-BA9C75F859EE}.Release|x86.Build.0 = Release|Win32
		{A6E9BFEE-96EC-4FC9-9219-12202F5126CC}.Debug|x64.ActiveCfg = Debug|x64
		{A6E9BFEE-96EC-4FC9-9219-12202F5126CC}.Debug|x64.Build.0 = Debug|x64
		{A6E9BFEE-96EC-4FC9-9219-12202F5126CC}.Debug|x86.ActiveCfg = Debug|Win32
		{A6E9BFEE-96EC-4FC9-9219-12202F5126CC}.Debug|x86.Build.0 = Debug|Win32
		{A6E9BFEE-96EC-4FC9-9219-12202F5126CC}.Release|x64.ActiveCfg = Release|x64
		{A6E9BFEE-96EC-4FC9-9219-12202F5126CC}.Release|x64.Build.0 = Release|x64
		{A6E9BFEE-96EC-4FC9-9219-12202F5126CC}.Release|x86.ActiveCfg = Release|Win32
		{A6E9BFEE-96EC-4FC9-9219-12202F5126CC}.Release|x86.Build.0 = Release|Win32
		{012509BD-0610-46F2-BCEF-076C0828D24F}.Debug|x64.ActiveCfg = Debug|x64
		{012509BD-0610-46F2-BCEF-076C0828D24F}.Debug|x64.Build.0 = Debug|x64
		{012509BD-0610-46F2-BCEF-076C0828D24F}.Debug|x86.ActiveCfg = Debug|Win32
		{012509BD-0610-46F2-BCEF-076C0828D24F}.Debug|x86.Build.0 = Debug|Win32
		{012509BD-0610-46F2-BCEF-076C0828D24F}.Release|x64.ActiveCfg = Release|x64
		{012509BD-0610-46F2-BCEF-076C0828D24F}.Release|x64.Build.0 = Release|x64
		{012509BD-0610-46F2-BCEF-076C0828D24F}.Release|x86.ActiveCfg = Release|Win32
		{012509BD-0610-46F2-BCEF-076C0828D24F}.Release|x86.Build.0 = Release|Win32
		{4FCB06A4-36BC-495F-8A16-1C25998007A2}.Debug|x64.ActiveCfg = Debug|x64
		{4FCB06A4-36BC-495F-8A16-1C25998007A2}.Debug|x64.Build.0 = Debug|x64
		{4FCB06A4-36BC-495F-8A16-1C25998007A2}.Debug|x86.ActiveCfg = Debug|Win32
		{4FCB06A4-36BC-495F-8A16-1C25998007A2}.Debug|x86.Build.0 = Debug|Win32
		{4FCB06A4-36BC-495F-8A16-1C25998007A2}.Release|x64.ActiveCfg = Release|x64
		{4FCB06A4-36BC-495F-8A16-1C25998007A2}.Release|x64.Build.0 = Release|x64
		{4FCB06A4-36BC-495F-8A16-1C25998007A2}.Release|x86.ActiveCfg = Release|Win32
		{4FCB06A4-36BC-495F-8A16-1C25998007A2}.Release|x86.Build.0 = Release|Win32
		{2F7A8BF8-A9AA-4AB1-9B91-C8D126C25CA6}.Debug|x64.ActiveCfg = Debug|x64
		{2F7A8BF8-A9AA-4AB1-9B91-C8D126C25CA6}.Debug|x64.Build.0 = Debug|x64
		{2F7A8BF8-A9AA-4AB1-9B91-C8D126C25CA6}.Debug|x86.ActiveCfg = Debug|Win32
		{2F7A8BF8-A9AA-4AB1-9B91-C8D126C25CA6}.Debug|x86.Build.0 = Debug|Win32
		{2F7A8BF8-A9AA-4AB1-9B91-C8D126C25CA6}.Release|x64.ActiveCfg = Release|x64
		{2F7A8BF8-A9AA-4AB1-9B91-C8D126C25CA6}.Release|x64.Build.0 = Release|x64
		{2F7A8BF8-A9AA-4AB1-9B91-C8D126C25CA6}.Release|x86.ActiveCfg = Release|Win32
		{2F7A8BF8-A9AA-4AB1-9B91-C8D126C25CA6}.Release|x86.Build.0 = Release|Win32
		{C676E7D8-8F03-498B-9030-20A34EED832E}.Debug|x64.ActiveCfg = Debug|x64
		{C676E7D8-8F03-498B-9030-20A34EED832E}.Debug|x86.ActiveCfg = Debug|Win32
		{C676E7D8-8F03-498B-9030-20A34EED832E}.Debug|x86.Build.0 = Debug|Win32
		{C676E7D8-8F03-498B-9030-20A34EED832E}.Release|x64.ActiveCfg = Release|x64
		{C676E7D8-8F03-498B-9030-20A34EED832E}.Release|x64.Build.0 = Release|x64
		{C676E7D8-8F03-498B-9030-20A34EED832E}.Release|x86.ActiveCfg = Release|Win32
		{C676E7D8-8F03-498B-9030-20A34EED832E}.Release|x86.Build.0 = Release|Win32
	EndGlobalSection
	GlobalSection(SolutionProperties) = preSolution
		HideSolutionNode = FALSE
	EndGlobalSection
	GlobalSection(NestedProjects) = preSolution
		{175C4523-A33C-414E-B362-BA9C75F859EE} = {E57B7A58-3F90-4715-9151-F0ABC067C8FD}
		{A6E9BFEE-96EC-4FC9-9219-12202F5126CC} = {C61C9F26-0F19-4707-8B9F-BA0FDAE3100E}
		{012509BD-0610-46F2-BCEF-076C0828D24F} = {C61C9F26-0F19-4707-8B9F-BA0FDAE3100E}
		{C61C9F26-0F19-4707-8B9F-BA0FDAE3100E} = {64BE693C-E0A0-439A-9615-A84048679D63}
		{F70C7F92-0C09-4FC0-835F-63C95EBFF92C} = {64BE693C-E0A0-439A-9615-A84048679D63}
		{4FCB06A4-36BC-495F-8A16-1C25998007A2} = {F70C7F92-0C09-4FC0-835F-63C95EBFF92C}
		{2F7A8BF8-A9AA-4AB1-9B91-C8D126C25CA6} = {DB08872A-9A37-43DB-AD8D-2A8E19F0B5E9}
		{C676E7D8-8F03-498B-9030-20A34EED832E} = {DB08872A-9A37-43DB-AD8D-2A8E19F0B5E9}
	EndGlobalSection
	GlobalSection(ExtensibilityGlobals) = postSolution
		SolutionGuid = {94B03497-6F7A-4581-B7B3-29BC933A3388}
	EndGlobalSection
EndGlobal
