<?xml version="1.0" encoding="utf-8"?>
<Project ToolsVersion="4.0" xmlns="http://schemas.microsoft.com/developer/msbuild/2003">
  <ItemGroup>
    <Filter Include="Level">
      <UniqueIdentifier>{7e79c74e-1d6e-4820-970e-972b46adda15}</UniqueIdentifier>
    </Filter>
    <Filter Include="Actor">
      <UniqueIdentifier>{9c47de49-c4d8-48d4-aca8-9b8faff8dafd}</UniqueIdentifier>
    </Filter>
    <Filter Include="Core">
      <UniqueIdentifier>{87681d83-7a26-43b9-bb69-16856c0a5f87}</UniqueIdentifier>
    </Filter>
    <Filter Include="Class">
      <UniqueIdentifier>{579b2537-2b10-46ad-b525-e7f4274ea025}</UniqueIdentifier>
    </Filter>
    <Filter Include="Base">
      <UniqueIdentifier>{1b08e87b-7a8b-488a-a753-40e39d041074}</UniqueIdentifier>
    </Filter>
    <Filter Include="Actor\StudyActor">
      <UniqueIdentifier>{9d69905e-78cf-419e-98d2-9a47fe5c99cf}</UniqueIdentifier>
    </Filter>
  </ItemGroup>
  <ItemGroup>
    <ClInclude Include="ContentCore.h">
      <Filter>Core</Filter>
    </ClInclude>
    <ClInclude Include="LogoLevel.h">
      <Filter>Level</Filter>
    </ClInclude>
    <ClInclude Include="BaseContentActor.h">
      <Filter>Actor</Filter>
    </ClInclude>
    <ClInclude Include="ContentConst.h">
      <Filter>Base</Filter>
    </ClInclude>
    <ClInclude Include="PrecompileHeader.h">
      <Filter>Base</Filter>
    </ClInclude>
    <ClInclude Include="StudyActor.h">
      <Filter>Actor\StudyActor</Filter>
    </ClInclude>
    <ClInclude Include="ClassFSM.h">
      <Filter>Base</Filter>
    </ClInclude>
  </ItemGroup>
  <ItemGroup>
    <ClCompile Include="ContentCore.cpp">
      <Filter>Core</Filter>
    </ClCompile>
    <ClCompile Include="LogoLevel.cpp">
      <Filter>Level</Filter>
    </ClCompile>
    <ClCompile Include="BaseContentActor.cpp">
      <Filter>Actor</Filter>
    </ClCompile>
    <ClCompile Include="ContentConst.cpp">
      <Filter>Base</Filter>
    </ClCompile>
    <ClCompile Include="PrecompileHeader.cpp">
      <Filter>Base</Filter>
    </ClCompile>
    <ClCompile Include="StudyActor.cpp">
      <Filter>Actor\StudyActor</Filter>
    </ClCompile>
    <ClCompile Include="ClassFSM.cpp">
      <Filter>Base</Filter>
    </ClCompile>
    <ClCompile Include="StudyActor_State.cpp">
      <Filter>Actor\StudyActor</Filter>
    </ClCompile>
  </ItemGroup>
</Project>