<?xml version="1.0" encoding="utf-8"?>
<Project ToolsVersion="4.0" xmlns="http://schemas.microsoft.com/developer/msbuild/2003">
  <ItemGroup>
    <Filter Include="0_Core">
      <UniqueIdentifier>{87681d83-7a26-43b9-bb69-16856c0a5f87}</UniqueIdentifier>
    </Filter>
    <Filter Include="1_Class">
      <UniqueIdentifier>{579b2537-2b10-46ad-b525-e7f4274ea025}</UniqueIdentifier>
    </Filter>
    <Filter Include="1_Class\Base">
      <UniqueIdentifier>{1b08e87b-7a8b-488a-a753-40e39d041074}</UniqueIdentifier>
    </Filter>
    <Filter Include="1_Class\Base\FSM">
      <UniqueIdentifier>{de9f7019-9d28-451d-80d0-67b5619e7686}</UniqueIdentifier>
    </Filter>
    <Filter Include="1_Class\Base\Common">
      <UniqueIdentifier>{9f2040e1-30f8-4d52-b8e0-11eed909de89}</UniqueIdentifier>
    </Filter>
    <Filter Include="1_Class\Base\PCH">
      <UniqueIdentifier>{868ce0c2-a748-42ee-b9b6-5206a05e0839}</UniqueIdentifier>
    </Filter>
    <Filter Include="1_Class\Base\Data">
      <UniqueIdentifier>{54c8fbd0-2ee5-4eb9-a7a6-d9133363eeac}</UniqueIdentifier>
    </Filter>
    <Filter Include="1_Class\Base\Data\Item">
      <UniqueIdentifier>{3949bbe4-b1d5-4adb-b814-50e7171e28be}</UniqueIdentifier>
    </Filter>
    <Filter Include="1_Class\Base\Data\Skull">
      <UniqueIdentifier>{bef6db0e-3e52-4a83-9bb9-2e7707f31099}</UniqueIdentifier>
    </Filter>
    <Filter Include="1_Class\Base\Data\Battle">
      <UniqueIdentifier>{4f916763-5a54-4b02-888d-dfcaf48219c4}</UniqueIdentifier>
    </Filter>
    <Filter Include="1_Class\Base\Data\Monster">
      <UniqueIdentifier>{60e7fe7a-3522-4e92-b8ba-6f1eb6f6afd7}</UniqueIdentifier>
    </Filter>
    <Filter Include="1_Class\Base\Data\Quintessence">
      <UniqueIdentifier>{6eb19772-fcfe-4da2-9bc5-62b98cf3d38a}</UniqueIdentifier>
    </Filter>
    <Filter Include="1_Class\Base\Data\Tile">
      <UniqueIdentifier>{3371415e-0a4d-479f-bfed-e30e4858d0f4}</UniqueIdentifier>
    </Filter>
    <Filter Include="1_Class\Base\Debug">
      <UniqueIdentifier>{df8e5d72-6eee-44f8-a646-94ef8724ed4b}</UniqueIdentifier>
    </Filter>
    <Filter Include="1_Class\Base\Math">
      <UniqueIdentifier>{1ed430eb-2b35-4b99-99c1-e142416ff8b8}</UniqueIdentifier>
    </Filter>
    <Filter Include="1_Class\Camera">
      <UniqueIdentifier>{c54d38e3-eb1a-43d5-a0a4-d6ad2958ea42}</UniqueIdentifier>
    </Filter>
    <Filter Include="2_Actor">
      <UniqueIdentifier>{9c47de49-c4d8-48d4-aca8-9b8faff8dafd}</UniqueIdentifier>
    </Filter>
    <Filter Include="2_Actor\Debug">
      <UniqueIdentifier>{4a454154-fa79-4c3c-931f-5b6b9d12f46f}</UniqueIdentifier>
    </Filter>
    <Filter Include="2_Actor\Map">
      <UniqueIdentifier>{9a126e3c-fccb-47fd-985b-1461fb5b2a79}</UniqueIdentifier>
    </Filter>
    <Filter Include="3_Component">
      <UniqueIdentifier>{9fe88acc-d8d5-4949-bcd5-a77983c7eb22}</UniqueIdentifier>
    </Filter>
    <Filter Include="3_Component\Collision">
      <UniqueIdentifier>{2cf447f0-8e2a-449c-a4c6-4be613997837}</UniqueIdentifier>
    </Filter>
    <Filter Include="4_Level">
      <UniqueIdentifier>{7e79c74e-1d6e-4820-970e-972b46adda15}</UniqueIdentifier>
    </Filter>
    <Filter Include="4_Level\DebugLevel">
      <UniqueIdentifier>{86cc7c59-2073-4fd6-8252-5d08f1166dc8}</UniqueIdentifier>
    </Filter>
    <Filter Include="4_Level\GameLevel">
      <UniqueIdentifier>{c40299fa-bf45-4b05-9b09-e48a1cd0660a}</UniqueIdentifier>
    </Filter>
    <Filter Include="4_Level\GameLevel\BattleLevel">
      <UniqueIdentifier>{0d91061b-911d-4bf9-955d-a6e4b1a4f8f6}</UniqueIdentifier>
    </Filter>
    <Filter Include="4_Level\GameLevel\BattleLevel\Castle">
      <UniqueIdentifier>{67c8c4dd-40f5-406b-8b14-a20ad7dfada4}</UniqueIdentifier>
    </Filter>
    <Filter Include="4_Level\GameLevel\BattleLevel\ForestOfMarmony">
      <UniqueIdentifier>{5aee5d21-eb1e-4af5-ad5f-7b1dfcf31ab7}</UniqueIdentifier>
    </Filter>
    <Filter Include="4_Level\GameLevel\BattleLevel\GrandHall">
      <UniqueIdentifier>{2893c532-2da7-499c-af6a-37e9d69eb1c4}</UniqueIdentifier>
    </Filter>
    <Filter Include="4_Level\GameLevel\BattleLevel\HolyCourtyard">
      <UniqueIdentifier>{a1994a46-8fad-4f03-b281-d87f071b6cac}</UniqueIdentifier>
    </Filter>
    <Filter Include="4_Level\GameLevel\BattleLevel\Opening">
      <UniqueIdentifier>{1d74fe82-96cb-49fc-808c-fc872588906b}</UniqueIdentifier>
    </Filter>
    <Filter Include="4_Level\GameLevel\BattleLevel\Shop">
      <UniqueIdentifier>{7a0e924a-99cb-4f0a-8046-606e8fabd751}</UniqueIdentifier>
    </Filter>
    <Filter Include="4_Level\GameLevel\UILevel">
      <UniqueIdentifier>{dd61cd96-dabc-4d42-92cf-6c912d466fed}</UniqueIdentifier>
    </Filter>
    <Filter Include="4_Level\GameLevel\UILevel\Logo">
      <UniqueIdentifier>{ae182b43-32bf-42e0-b906-b2dec8569a1c}</UniqueIdentifier>
    </Filter>
    <Filter Include="4_Level\GameLevel\UILevel\Story">
      <UniqueIdentifier>{df809b18-562b-4345-bd04-e88bb7dc0c7d}</UniqueIdentifier>
    </Filter>
    <Filter Include="2_Actor\UI">
      <UniqueIdentifier>{c814c637-c47b-4396-8b63-b492620efac9}</UniqueIdentifier>
    </Filter>
    <Filter Include="2_Actor\UI\Common">
      <UniqueIdentifier>{cc05cf35-28ce-4cb4-bdec-ef881c6a7437}</UniqueIdentifier>
    </Filter>
    <Filter Include="2_Actor\UI\Story">
      <UniqueIdentifier>{6a51b329-4bbe-4a01-82d4-0b1232d148fd}</UniqueIdentifier>
    </Filter>
    <Filter Include="1_Class\Story">
      <UniqueIdentifier>{67c8b5d1-4a29-496f-8b76-ea6bd00acf88}</UniqueIdentifier>
    </Filter>
    <Filter Include="2_Actor\UI\Ending">
      <UniqueIdentifier>{7b0030f0-e76c-4546-88b8-863eb39d52b9}</UniqueIdentifier>
    </Filter>
    <Filter Include="2_Actor\UI\Title">
      <UniqueIdentifier>{217b0d88-54bb-4232-b5d8-0a29764a4f48}</UniqueIdentifier>
    </Filter>
    <Filter Include="2_Actor\UI\Inventory">
      <UniqueIdentifier>{3c1e6f27-c93f-4136-af84-0eb498b9c103}</UniqueIdentifier>
    </Filter>
    <Filter Include="2_Actor\UI\Inventory\InventorySlot">
      <UniqueIdentifier>{42ba3ee2-56cf-462a-aa3b-c85e95bb1a18}</UniqueIdentifier>
    </Filter>
    <Filter Include="2_Actor\UI\Inventory\Popup">
      <UniqueIdentifier>{6b60e3a3-bf93-459f-8df6-aa707111c26e}</UniqueIdentifier>
    </Filter>
    <Filter Include="1_Class\Shader">
      <UniqueIdentifier>{25084501-36bb-401c-a0fa-050591fc652d}</UniqueIdentifier>
    </Filter>
    <Filter Include="1_Class\Shader\ShaderBuffer">
      <UniqueIdentifier>{8a897e0a-9592-4f5c-bc26-19bcd8ed353a}</UniqueIdentifier>
    </Filter>
    <Filter Include="1_Class\Shader\ContentVertex">
      <UniqueIdentifier>{a71937fe-bac1-4671-8cc9-7c6cbefef509}</UniqueIdentifier>
    </Filter>
    <Filter Include="2_Actor\Debug\Common">
      <UniqueIdentifier>{efa08f5b-bd48-4916-8546-5ef30aa7d74b}</UniqueIdentifier>
    </Filter>
    <Filter Include="4_Level\DebugLevel\Tool">
      <UniqueIdentifier>{3b170142-de97-4669-9c05-0b0220fb79b6}</UniqueIdentifier>
    </Filter>
    <Filter Include="4_Level\DebugLevel\Tool\MapTool">
      <UniqueIdentifier>{e0381330-3519-4221-9cc1-b548154c8e2e}</UniqueIdentifier>
    </Filter>
    <Filter Include="4_Level\DebugLevel\Test">
      <UniqueIdentifier>{bfbf03be-5dc1-478d-bd5e-5fb9086f129a}</UniqueIdentifier>
    </Filter>
    <Filter Include="4_Level\DebugLevel\Test\Shader">
      <UniqueIdentifier>{7cb2c9ef-5890-48c1-b03b-067809aa1cc2}</UniqueIdentifier>
    </Filter>
    <Filter Include="4_Level\DebugLevel\Test\InventoryDebug">
      <UniqueIdentifier>{720c127f-8be1-444e-9336-6b5662081fc3}</UniqueIdentifier>
    </Filter>
    <Filter Include="4_Level\DebugLevel\Test\Battle">
      <UniqueIdentifier>{9be16c7d-fa76-4cd7-81b1-cd038bf14c64}</UniqueIdentifier>
    </Filter>
    <Filter Include="4_Level\DebugLevel\Test\Animation">
      <UniqueIdentifier>{fa872e57-dff1-464a-8cf2-0a264bbc178d}</UniqueIdentifier>
    </Filter>
    <Filter Include="4_Level\DebugLevel\Tool\BackgroundTool">
      <UniqueIdentifier>{8361f90a-fd4a-40ff-95d1-8a8f40e91669}</UniqueIdentifier>
    </Filter>
    <Filter Include="0_Core\CoreLoad">
      <UniqueIdentifier>{8124cd25-a05a-423e-a6dc-7ceb378910d3}</UniqueIdentifier>
    </Filter>
    <Filter Include="5_GUI">
      <UniqueIdentifier>{55af7a50-a6b3-4ed2-8e73-6b3d75758333}</UniqueIdentifier>
    </Filter>
    <Filter Include="5_GUI\Tool">
      <UniqueIdentifier>{d87681e1-aec4-4952-b4dd-91aaed9b0f54}</UniqueIdentifier>
    </Filter>
    <Filter Include="5_GUI\Common">
      <UniqueIdentifier>{c5899389-f8f5-4731-995d-0a49bf0f924a}</UniqueIdentifier>
    </Filter>
    <Filter Include="2_Actor\Map\Background">
      <UniqueIdentifier>{018cacd0-fb6d-47bf-99a4-269e05e9f50b}</UniqueIdentifier>
    </Filter>
    <Filter Include="2_Actor\Map\Stage">
      <UniqueIdentifier>{d91cd220-0859-45b0-8dec-5a5e41671217}</UniqueIdentifier>
    </Filter>
    <Filter Include="2_Actor\Map\Stage\Object">
      <UniqueIdentifier>{1ede5441-c939-4507-a935-0b32249b7446}</UniqueIdentifier>
    </Filter>
    <Filter Include="2_Actor\Map\Stage\Object\StaticObject">
      <UniqueIdentifier>{42e7682b-03c1-4b05-bbe5-2bb85bc7ea6f}</UniqueIdentifier>
    </Filter>
    <Filter Include="2_Actor\Map\Stage\Object\BrokenObject">
      <UniqueIdentifier>{129bea81-84ba-44c4-8d99-a30ddc3d1295}</UniqueIdentifier>
    </Filter>
    <Filter Include="2_Actor\Map\Stage\Tile">
      <UniqueIdentifier>{72f7e1a4-1266-4525-b44a-0f38f492bb96}</UniqueIdentifier>
    </Filter>
    <Filter Include="2_Actor\Map\Stage\Object\MapPlatform">
      <UniqueIdentifier>{b3303797-7ec9-4922-b8c4-e36611cf38f9}</UniqueIdentifier>
    </Filter>
    <Filter Include="2_Actor\Map\Stage\Event">
      <UniqueIdentifier>{0892b26d-e62c-4c40-8112-a891900164e3}</UniqueIdentifier>
    </Filter>
    <Filter Include="2_Actor\Map\Stage\Event\MonsterSpawnEvent">
      <UniqueIdentifier>{dfd62202-f218-412b-a9e4-5bfb1e67b08f}</UniqueIdentifier>
    </Filter>
    <Filter Include="4_Level\DebugLevel\Test\Physics">
      <UniqueIdentifier>{fd7cad70-4e2d-4d33-b57d-67bab004333a}</UniqueIdentifier>
    </Filter>
    <Filter Include="1_Class\Physics">
      <UniqueIdentifier>{3bde9a22-123c-453e-a705-244ff654373a}</UniqueIdentifier>
    </Filter>
    <Filter Include="4_Level\DebugLevel\Tool\AttackColTool">
      <UniqueIdentifier>{b6a3eb4d-4dee-4bca-88b4-25c6aac1441c}</UniqueIdentifier>
    </Filter>
    <Filter Include="1_Class\Battle">
      <UniqueIdentifier>{9154380d-edbd-443f-b9c6-1e3544cb89f8}</UniqueIdentifier>
    </Filter>
    <Filter Include="2_Actor\Map\Stage\Particle">
      <UniqueIdentifier>{d6c3d6ff-be9b-4165-9f44-b5b35d52a205}</UniqueIdentifier>
    </Filter>
    <Filter Include="2_Actor\Map\Stage\Particle\Opening">
      <UniqueIdentifier>{9b8a2e78-eb10-4dee-9c1f-991f774bcadf}</UniqueIdentifier>
    </Filter>
    <Filter Include="2_Actor\Map\Stage\Particle\Castle">
      <UniqueIdentifier>{17f934c1-2ed7-4d47-a183-a191f02703bb}</UniqueIdentifier>
    </Filter>
    <Filter Include="2_Actor\Map\Stage\Particle\ForestOfHarmony">
      <UniqueIdentifier>{5a9a85ca-89b3-4801-8c2a-9eec008c6f51}</UniqueIdentifier>
    </Filter>
    <Filter Include="2_Actor\Map\Stage\Particle\HolyCourtyard">
      <UniqueIdentifier>{3da095ea-464e-4efe-81c6-09a71a7c43e7}</UniqueIdentifier>
    </Filter>
    <Filter Include="1_Class\Effect">
      <UniqueIdentifier>{abcb9d47-de5a-495d-8d48-1a726cf0eb42}</UniqueIdentifier>
    </Filter>
    <Filter Include="2_Actor\Effect">
      <UniqueIdentifier>{c4e835d6-193a-4cf4-b34b-61a63d7aca1c}</UniqueIdentifier>
    </Filter>
    <Filter Include="4_Level\DebugLevel\Test\Tilemap">
      <UniqueIdentifier>{f73c1e26-bbc0-4cb8-8c6a-f19e1ee58c48}</UniqueIdentifier>
    </Filter>
    <Filter Include="2_Actor\Debug\Tilemap">
      <UniqueIdentifier>{768d03cb-951d-492e-a25d-6b7dac086fa8}</UniqueIdentifier>
    </Filter>
    <Filter Include="3_Component\Renderer">
      <UniqueIdentifier>{8bf0b896-7e80-4916-8d00-b56c5cdc8cbb}</UniqueIdentifier>
    </Filter>
    <Filter Include="2_Actor\Debug\Tool">
      <UniqueIdentifier>{d794b95d-468a-4fc2-b724-c2cf83402d41}</UniqueIdentifier>
    </Filter>
    <Filter Include="1_Class\Player">
      <UniqueIdentifier>{4a6571ce-42b8-4201-b410-950192f0e032}</UniqueIdentifier>
    </Filter>
    <Filter Include="2_Actor\Projectile">
      <UniqueIdentifier>{96b7ce4f-974a-43cf-b2ed-2554fd1bbd31}</UniqueIdentifier>
    </Filter>
    <Filter Include="2_Actor\BattleActor">
      <UniqueIdentifier>{6d6a3b51-e604-413f-8b6d-c6268a3e9494}</UniqueIdentifier>
    </Filter>
    <Filter Include="2_Actor\BattleActor\Monster">
      <UniqueIdentifier>{9a8187fb-9295-4b1f-a266-729064c4934c}</UniqueIdentifier>
    </Filter>
    <Filter Include="2_Actor\BattleActor\Monster\Opening">
      <UniqueIdentifier>{856dee12-e4bd-4011-b9a6-b95a63f19421}</UniqueIdentifier>
    </Filter>
    <Filter Include="2_Actor\BattleActor\Monster\ForestOfHarmony">
      <UniqueIdentifier>{923adf6d-88cf-47d7-b4e7-20caefdf0c6f}</UniqueIdentifier>
    </Filter>
    <Filter Include="2_Actor\BattleActor\Monster\Particle">
      <UniqueIdentifier>{8b581822-80db-4f3e-bae5-0b5813218bef}</UniqueIdentifier>
    </Filter>
    <Filter Include="2_Actor\BattleActor\Player">
      <UniqueIdentifier>{2d4faacb-1cc4-477e-9f4e-f278ba362eec}</UniqueIdentifier>
    </Filter>
    <Filter Include="2_Actor\BattleActor\Player\Skull">
      <UniqueIdentifier>{dcd1f1df-9dae-4799-b806-2f64eea7ba32}</UniqueIdentifier>
    </Filter>
    <Filter Include="2_Actor\BattleActor\Player\Skull\ChiefGuard">
      <UniqueIdentifier>{d1143e47-9eba-4de6-8c7b-8cfa585823f1}</UniqueIdentifier>
    </Filter>
    <Filter Include="2_Actor\BattleActor\Player\Skull\Minotaurus">
      <UniqueIdentifier>{50134eaa-989d-4d4c-90ad-daf34dfcab05}</UniqueIdentifier>
    </Filter>
    <Filter Include="2_Actor\BattleActor\Player\Skull\Minotaurus\Rare">
      <UniqueIdentifier>{6e5913a8-95fc-4e4f-bb15-bcd3b8194373}</UniqueIdentifier>
    </Filter>
    <Filter Include="2_Actor\BattleActor\Player\Skull\Minotaurus\Unique">
      <UniqueIdentifier>{fc55acae-276c-4647-9831-c2ac9ebac38f}</UniqueIdentifier>
    </Filter>
    <Filter Include="2_Actor\BattleActor\Player\Skull\Minotaurus\Legandary">
      <UniqueIdentifier>{bd5d0109-1054-41d2-ae45-ad846c998baf}</UniqueIdentifier>
    </Filter>
    <Filter Include="2_Actor\BattleActor\Player\Skull\Minotaurus\Wolf">
      <UniqueIdentifier>{59676618-25b2-4fc4-a1ad-083d9df730f8}</UniqueIdentifier>
    </Filter>
    <Filter Include="2_Actor\BattleActor\Player\Skull\Minotaurus\Wolf\Rare">
      <UniqueIdentifier>{6d6f0935-ac6c-4c94-b711-4924dad61efe}</UniqueIdentifier>
    </Filter>
    <Filter Include="2_Actor\BattleActor\Player\Skull\Minotaurus\Wolf\Unique">
      <UniqueIdentifier>{c549aa68-b8da-415d-800a-79153744ea1d}</UniqueIdentifier>
    </Filter>
    <Filter Include="2_Actor\BattleActor\Player\Skull\Minotaurus\Wolf\Normal">
      <UniqueIdentifier>{d80fbc1e-af7e-4c46-9df1-a4cd0c41428a}</UniqueIdentifier>
    </Filter>
    <Filter Include="2_Actor\BattleActor\Player\Skull\Minotaurus\Wolf\Lagandary">
      <UniqueIdentifier>{fe04da4f-51de-4304-a945-f2d04a946fb5}</UniqueIdentifier>
    </Filter>
    <Filter Include="2_Actor\BattleActor\Player\Skull\Alchemist">
      <UniqueIdentifier>{db4c0849-8663-4610-82b1-0baec5e95bdd}</UniqueIdentifier>
    </Filter>
    <Filter Include="2_Actor\BattleActor\Player\Skull\Alchemist\Rare">
      <UniqueIdentifier>{3a2ef9ac-11bb-4028-aaf2-b90c82d3fcc7}</UniqueIdentifier>
    </Filter>
    <Filter Include="2_Actor\BattleActor\Player\Skull\Alchemist\Unique">
      <UniqueIdentifier>{b7f52a99-0dd3-4f92-a0b4-6358b45896b7}</UniqueIdentifier>
    </Filter>
    <Filter Include="2_Actor\BattleActor\Player\Skull\Alchemist\Lagandary">
      <UniqueIdentifier>{99859148-5f52-43fb-8887-f435bc559e31}</UniqueIdentifier>
    </Filter>
    <Filter Include="2_Actor\BattleActor\Player\Skull\BoneSkull">
      <UniqueIdentifier>{2e5963b7-1936-4419-90ca-a0ff3aa32c46}</UniqueIdentifier>
    </Filter>
    <Filter Include="2_Actor\BattleActor\Player\Capture">
      <UniqueIdentifier>{1ee9704a-d7ba-47d3-b257-56db50907bde}</UniqueIdentifier>
    </Filter>
    <Filter Include="2_Actor\UI\Monster">
      <UniqueIdentifier>{13deb7f3-bf4a-4b24-8249-50653a820410}</UniqueIdentifier>
    </Filter>
    <Filter Include="2_Actor\UI\Player">
      <UniqueIdentifier>{d2ea1b63-d420-4636-9378-986baa298b8b}</UniqueIdentifier>
    </Filter>
    <Filter Include="2_Actor\BattleActor\Player\Quintessence">
      <UniqueIdentifier>{e66796b3-403b-460d-9264-b314ef3ba735}</UniqueIdentifier>
    </Filter>
    <Filter Include="7_Doc">
      <UniqueIdentifier>{70badb27-0eb8-4909-83d6-b77486917f74}</UniqueIdentifier>
    </Filter>
    <Filter Include="6_PostEffect">
      <UniqueIdentifier>{85015818-efc6-413e-8a7f-3ca120b359d6}</UniqueIdentifier>
    </Filter>
    <Filter Include="2_Actor\Map\Stage\Monster">
      <UniqueIdentifier>{11f890f1-ddcc-4f80-814d-65f4cfd7ac4e}</UniqueIdentifier>
    </Filter>
    <Filter Include="2_Actor\Debug\Tool\Monster">
      <UniqueIdentifier>{fb4b6768-e61d-4a20-9087-4d004610a758}</UniqueIdentifier>
    </Filter>
    <Filter Include="2_Actor\Debug\Tool\Battle">
      <UniqueIdentifier>{5f60b1a5-05ed-4215-94c3-2d46e302deca}</UniqueIdentifier>
    </Filter>
    <Filter Include="2_Actor\Debug\Tool\Map">
      <UniqueIdentifier>{048d53cc-a54a-4ba0-add0-63c9c786064d}</UniqueIdentifier>
    </Filter>
    <Filter Include="2_Actor\Map\Door">
      <UniqueIdentifier>{d1565de9-2ef4-4c41-a513-a6f68ae41b3d}</UniqueIdentifier>
    </Filter>
  </ItemGroup>
  <ItemGroup>
    <ClInclude Include="ContentCore.h">
      <Filter>0_Core</Filter>
    </ClInclude>
    <ClInclude Include="BaseContentActor.h">
      <Filter>2_Actor</Filter>
    </ClInclude>
    <ClInclude Include="ClassFSM.h">
      <Filter>1_Class\Base\FSM</Filter>
    </ClInclude>
    <ClInclude Include="ContentConst.h">
      <Filter>1_Class\Base\Common</Filter>
    </ClInclude>
    <ClInclude Include="PrecompileHeader.h">
      <Filter>1_Class\Base\PCH</Filter>
    </ClInclude>
    <ClInclude Include="ContentDatabase.h">
      <Filter>1_Class\Base\Data</Filter>
    </ClInclude>
    <ClInclude Include="SkullData.h">
      <Filter>1_Class\Base\Data\Skull</Filter>
    </ClInclude>
    <ClInclude Include="ItemData.h">
      <Filter>1_Class\Base\Data\Item</Filter>
    </ClInclude>
    <ClInclude Include="ContentEnum.h">
      <Filter>1_Class\Base\Common</Filter>
    </ClInclude>
    <ClInclude Include="BaseCommonData.h">
      <Filter>1_Class\Base\Data</Filter>
    </ClInclude>
    <ClInclude Include="ShaderDebugLevel.h">
      <Filter>4_Level\DebugLevel\Test\Shader</Filter>
    </ClInclude>
    <ClInclude Include="ContentVertex.h">
      <Filter>1_Class\Shader\ContentVertex</Filter>
    </ClInclude>
    <ClInclude Include="AbilityCommonData.h">
      <Filter>1_Class\Base\Data</Filter>
    </ClInclude>
    <ClInclude Include="ContentDebug.h">
      <Filter>1_Class\Base\Debug</Filter>
    </ClInclude>
    <ClInclude Include="MonsterData.h">
      <Filter>1_Class\Base\Data\Monster</Filter>
    </ClInclude>
    <ClInclude Include="QuintessenceData.h">
      <Filter>1_Class\Base\Data\Quintessence</Filter>
    </ClInclude>
    <ClInclude Include="Rigidbody2D.h">
      <Filter>1_Class\Physics</Filter>
    </ClInclude>
    <ClInclude Include="TileMetaData.h">
      <Filter>1_Class\Base\Data\Tile</Filter>
    </ClInclude>
    <ClInclude Include="TileActor.h">
      <Filter>2_Actor\Map\Stage\Tile</Filter>
    </ClInclude>
    <ClInclude Include="Tilemap.h">
      <Filter>2_Actor\Map\Stage\Tile</Filter>
    </ClInclude>
    <ClInclude Include="int2.h">
      <Filter>1_Class\Base\Math</Filter>
    </ClInclude>
    <ClInclude Include="ContentLevel.h">
      <Filter>4_Level</Filter>
    </ClInclude>
    <ClInclude Include="CameraController.h">
      <Filter>1_Class\Camera</Filter>
    </ClInclude>
    <ClInclude Include="Background.h">
      <Filter>2_Actor\Map\Background</Filter>
    </ClInclude>
    <ClInclude Include="MultiBackground.h">
      <Filter>2_Actor\Map\Background</Filter>
    </ClInclude>
    <ClInclude Include="CastleLevel.h">
      <Filter>4_Level\GameLevel\BattleLevel\Castle</Filter>
    </ClInclude>
    <ClInclude Include="ForestOfHarmonyLevel.h">
      <Filter>4_Level\GameLevel\BattleLevel\ForestOfMarmony</Filter>
    </ClInclude>
    <ClInclude Include="GrandHallLevel.h">
      <Filter>4_Level\GameLevel\BattleLevel\GrandHall</Filter>
    </ClInclude>
    <ClInclude Include="HolyCourtyardLevel.h">
      <Filter>4_Level\GameLevel\BattleLevel\HolyCourtyard</Filter>
    </ClInclude>
    <ClInclude Include="OpeningLevel.h">
      <Filter>4_Level\GameLevel\BattleLevel\Opening</Filter>
    </ClInclude>
    <ClInclude Include="ShopLevel.h">
      <Filter>4_Level\GameLevel\BattleLevel\Shop</Filter>
    </ClInclude>
    <ClInclude Include="BattleLevel.h">
      <Filter>4_Level\GameLevel\BattleLevel</Filter>
    </ClInclude>
    <ClInclude Include="TitleLevel.h">
      <Filter>4_Level\GameLevel\UILevel\Logo</Filter>
    </ClInclude>
    <ClInclude Include="StoryLevel.h">
      <Filter>4_Level\GameLevel\UILevel\Story</Filter>
    </ClInclude>
    <ClInclude Include="UILevel.h">
      <Filter>4_Level\GameLevel\UILevel</Filter>
    </ClInclude>
    <ClInclude Include="PlayerBaseSkull.h">
      <Filter>2_Actor\BattleActor\Player\Skull</Filter>
    </ClInclude>
    <ClInclude Include="BoneSkull.h">
      <Filter>2_Actor\BattleActor\Player\Skull\BoneSkull</Filter>
    </ClInclude>
    <ClInclude Include="StaticObject.h">
      <Filter>2_Actor\Map\Stage\Object\StaticObject</Filter>
    </ClInclude>
    <ClInclude Include="ObjectManager.h">
      <Filter>2_Actor\Map\Stage\Object</Filter>
    </ClInclude>
    <ClInclude Include="FadeActor.h">
      <Filter>2_Actor\UI\Common</Filter>
    </ClInclude>
    <ClInclude Include="StoryFrontImage.h">
      <Filter>2_Actor\UI\Story</Filter>
    </ClInclude>
    <ClInclude Include="StoryTextureView.h">
      <Filter>2_Actor\UI\Story</Filter>
    </ClInclude>
    <ClInclude Include="ContentFunc.h">
      <Filter>1_Class\Base\Common</Filter>
    </ClInclude>
    <ClInclude Include="StoryWalkHelper.h">
      <Filter>1_Class\Story</Filter>
    </ClInclude>
    <ClInclude Include="StoryPage.h">
      <Filter>1_Class\Story</Filter>
    </ClInclude>
    <ClInclude Include="StoryBook.h">
      <Filter>1_Class\Story</Filter>
    </ClInclude>
    <ClInclude Include="StoryBackImage.h">
      <Filter>2_Actor\UI\Story</Filter>
    </ClInclude>
    <ClInclude Include="EndingLogoLevel.h">
      <Filter>4_Level\GameLevel\UILevel\Logo</Filter>
    </ClInclude>
    <ClInclude Include="BlackBackground.h">
      <Filter>2_Actor\UI\Common</Filter>
    </ClInclude>
    <ClInclude Include="SkulLogo.h">
      <Filter>2_Actor\UI\Ending</Filter>
    </ClInclude>
    <ClInclude Include="TitleLogo.h">
      <Filter>2_Actor\UI\Title</Filter>
    </ClInclude>
    <ClInclude Include="TitleActor.h">
      <Filter>2_Actor\UI\Title</Filter>
    </ClInclude>
    <ClInclude Include="InventoryUI.h">
      <Filter>2_Actor\UI\Inventory</Filter>
    </ClInclude>
    <ClInclude Include="InventoryDebugLevel.h">
      <Filter>4_Level\DebugLevel\Test\InventoryDebug</Filter>
    </ClInclude>
    <ClInclude Include="InventorySlot.h">
      <Filter>2_Actor\UI\Inventory\InventorySlot</Filter>
    </ClInclude>
    <ClInclude Include="InventorySkullPopup.h">
      <Filter>2_Actor\UI\Inventory\Popup</Filter>
    </ClInclude>
    <ClInclude Include="InventoryItemPopup.h">
      <Filter>2_Actor\UI\Inventory\Popup</Filter>
    </ClInclude>
    <ClInclude Include="InventoryQuintessencePopup.h">
      <Filter>2_Actor\UI\Inventory\Popup</Filter>
    </ClInclude>
    <ClInclude Include="InventoryStatPopup.h">
      <Filter>2_Actor\UI\Inventory\Popup</Filter>
    </ClInclude>
    <ClInclude Include="CaptureRenderer.h">
      <Filter>2_Actor\BattleActor\Player\Capture</Filter>
    </ClInclude>
    <ClInclude Include="CaptureTrail.h">
      <Filter>2_Actor\BattleActor\Player\Capture</Filter>
    </ClInclude>
    <ClInclude Include="MapToolLevel.h">
      <Filter>4_Level\DebugLevel\Tool\MapTool</Filter>
    </ClInclude>
    <ClInclude Include="ContentShaderBuffer.h">
      <Filter>1_Class\Shader\ShaderBuffer</Filter>
    </ClInclude>
    <ClInclude Include="DebugBoxActor.h">
      <Filter>2_Actor\Debug\Common</Filter>
    </ClInclude>
    <ClInclude Include="DebugSpriteActor.h">
      <Filter>2_Actor\Debug\Common</Filter>
    </ClInclude>
    <ClInclude Include="DebugTrailActor.h">
      <Filter>2_Actor\Debug\Common</Filter>
    </ClInclude>
    <ClInclude Include="MouseCursorFollowTex.h">
      <Filter>2_Actor\Debug\Tool</Filter>
    </ClInclude>
    <ClInclude Include="BrokenObject.h">
      <Filter>2_Actor\Map\Stage\Object\BrokenObject</Filter>
    </ClInclude>
    <ClInclude Include="BackgroundToolLevel.h">
      <Filter>4_Level\DebugLevel\Tool\BackgroundTool</Filter>
    </ClInclude>
    <ClInclude Include="MapToolGUI.h">
      <Filter>5_GUI\Tool</Filter>
    </ClInclude>
    <ClInclude Include="BackgroundToolGUI.h">
      <Filter>5_GUI\Tool</Filter>
    </ClInclude>
    <ClInclude Include="GameEngineActorGUI.h">
      <Filter>5_GUI\Common</Filter>
    </ClInclude>
    <ClInclude Include="LevelMoveGUI.h">
      <Filter>5_GUI\Common</Filter>
    </ClInclude>
    <ClInclude Include="BattleArea.h">
      <Filter>2_Actor\Map</Filter>
    </ClInclude>
    <ClInclude Include="BattleStage.h">
      <Filter>2_Actor\Map\Stage</Filter>
    </ClInclude>
    <ClInclude Include="MapPlatform.h">
      <Filter>2_Actor\Map\Stage\Object\MapPlatform</Filter>
    </ClInclude>
    <ClInclude Include="GameEventManager.h">
      <Filter>2_Actor\Map\Stage\Event</Filter>
    </ClInclude>
    <ClInclude Include="PhysicsDebugLevel.h">
      <Filter>4_Level\DebugLevel\Test\Physics</Filter>
    </ClInclude>
    <ClInclude Include="DebugRigidbodyTestActor.h">
      <Filter>2_Actor\Debug\Common</Filter>
    </ClInclude>
    <ClInclude Include="AnimationCollisionToolGUI.h">
      <Filter>5_GUI\Tool</Filter>
    </ClInclude>
    <ClInclude Include="AnimationColToolLevel.h">
      <Filter>4_Level\DebugLevel\Tool\AttackColTool</Filter>
    </ClInclude>
    <ClInclude Include="AnimationAttackMetaData.h">
      <Filter>1_Class\Battle</Filter>
    </ClInclude>
    <ClInclude Include="MapParticleBase.h">
      <Filter>2_Actor\Map\Stage\Particle</Filter>
    </ClInclude>
    <ClInclude Include="ForestOfHarmony_MapParticle.h">
      <Filter>2_Actor\Map\Stage\Particle\ForestOfHarmony</Filter>
    </ClInclude>
    <ClInclude Include="ParticleManager.h">
      <Filter>2_Actor\Map\Stage\Particle</Filter>
    </ClInclude>
    <ClInclude Include="ParticleArea.h">
      <Filter>2_Actor\Map\Stage\Particle</Filter>
    </ClInclude>
    <ClInclude Include="Opening_MapParticle.h">
      <Filter>2_Actor\Map\Stage\Particle\Opening</Filter>
    </ClInclude>
    <ClInclude Include="Castle_MapParticle.h">
      <Filter>2_Actor\Map\Stage\Particle\Castle</Filter>
    </ClInclude>
    <ClInclude Include="ForestOfHarmony_MapBlueParticle.h">
      <Filter>2_Actor\Map\Stage\Particle\ForestOfHarmony</Filter>
    </ClInclude>
    <ClInclude Include="ParticleAreaDebugRender.h">
      <Filter>2_Actor\Map\Stage\Particle</Filter>
    </ClInclude>
    <ClInclude Include="EffectManager.h">
      <Filter>1_Class\Effect</Filter>
    </ClInclude>
    <ClInclude Include="EffectActor.h">
      <Filter>2_Actor\Effect</Filter>
    </ClInclude>
    <ClInclude Include="AttackColToolAnimActor.h">
      <Filter>2_Actor\Debug</Filter>
    </ClInclude>
    <ClInclude Include="TilemapDebugLevel.h">
      <Filter>4_Level\DebugLevel\Test\Tilemap</Filter>
    </ClInclude>
    <ClInclude Include="TilemapDebugActor.h">
      <Filter>2_Actor\Debug\Tilemap</Filter>
    </ClInclude>
    <ClInclude Include="ContentSpriteRenderer.h">
      <Filter>3_Component\Renderer</Filter>
    </ClInclude>
    <ClInclude Include="BoneHead.h">
      <Filter>2_Actor\BattleActor\Player\Skull\BoneSkull</Filter>
    </ClInclude>
    <ClInclude Include="ChiefGuard.h">
      <Filter>2_Actor\BattleActor\Player\Skull\ChiefGuard</Filter>
    </ClInclude>
    <ClInclude Include="Inventory.h">
      <Filter>1_Class\Player</Filter>
    </ClInclude>
    <ClInclude Include="Player.h">
      <Filter>2_Actor\BattleActor\Player</Filter>
    </ClInclude>
    <ClInclude Include="Projectile.h">
      <Filter>2_Actor\Projectile</Filter>
    </ClInclude>
    <ClInclude Include="BaseMonster.h">
      <Filter>2_Actor\BattleActor\Monster</Filter>
    </ClInclude>
    <ClInclude Include="FPSCheckGUI.h">
      <Filter>5_GUI\Common</Filter>
    </ClInclude>
    <ClInclude Include="ColEnterCheck.h">
      <Filter>1_Class\Battle</Filter>
    </ClInclude>
    <ClInclude Include="AnimAttackCheck.h">
      <Filter>1_Class\Battle</Filter>
    </ClInclude>
    <ClInclude Include="HitParticle.h">
      <Filter>2_Actor\BattleActor\Monster\Particle</Filter>
    </ClInclude>
    <ClInclude Include="CarleonRecruit.h">
      <Filter>2_Actor\BattleActor\Monster\Opening</Filter>
    </ClInclude>
    <ClInclude Include="CarleonArcher.h">
      <Filter>2_Actor\BattleActor\Monster\Opening</Filter>
    </ClInclude>
    <ClInclude Include="CarleonManAtArms.h">
      <Filter>2_Actor\BattleActor\Monster\ForestOfHarmony</Filter>
    </ClInclude>
    <ClInclude Include="Ent.h">
      <Filter>2_Actor\BattleActor\Monster\ForestOfHarmony</Filter>
    </ClInclude>
    <ClInclude Include="RootEnt.h">
      <Filter>2_Actor\BattleActor\Monster\ForestOfHarmony</Filter>
    </ClInclude>
    <ClInclude Include="GiantEnt.h">
      <Filter>2_Actor\BattleActor\Monster\ForestOfHarmony</Filter>
    </ClInclude>
    <ClInclude Include="BlossomEnt.h">
      <Filter>2_Actor\BattleActor\Monster\ForestOfHarmony</Filter>
    </ClInclude>
    <ClInclude Include="FlameWizard.h">
      <Filter>2_Actor\BattleActor\Monster\ForestOfHarmony</Filter>
    </ClInclude>
    <ClInclude Include="GlacialWizard.h">
      <Filter>2_Actor\BattleActor\Monster\ForestOfHarmony</Filter>
    </ClInclude>
    <ClInclude Include="RigidProjectile.h">
      <Filter>2_Actor\Projectile</Filter>
    </ClInclude>
    <ClInclude Include="BattleActor.h">
      <Filter>2_Actor\BattleActor</Filter>
    </ClInclude>
    <ClInclude Include="ContentUIRender.h">
      <Filter>3_Component\Renderer</Filter>
    </ClInclude>
    <ClInclude Include="HealthBar.h">
      <Filter>2_Actor\UI\Monster</Filter>
    </ClInclude>
    <ClInclude Include="DeadPartParticle.h">
      <Filter>2_Actor\BattleActor\Monster\Particle</Filter>
    </ClInclude>
    <ClInclude Include="PlayerStateFrame.h">
      <Filter>2_Actor\UI\Player</Filter>
    </ClInclude>
    <ClInclude Include="BaseQuintessence.h">
      <Filter>2_Actor\BattleActor\Player\Quintessence</Filter>
    </ClInclude>
    <ClInclude Include="ProgressUI.h">
      <Filter>2_Actor\UI\Common</Filter>
    </ClInclude>
    <ClInclude Include="ProgressUI_Circle.h">
      <Filter>2_Actor\UI\Common</Filter>
    </ClInclude>
    <ClInclude Include="PlayerState.h">
      <Filter>1_Class\Player</Filter>
    </ClInclude>
    <ClInclude Include="PlayerHealthBar.h">
      <Filter>2_Actor\UI\Player</Filter>
    </ClInclude>
    <ClInclude Include="PlayerHitFade.h">
      <Filter>2_Actor\UI\Player</Filter>
    </ClInclude>
    <ClInclude Include="BounceRigidbody2D.h">
      <Filter>1_Class\Physics</Filter>
    </ClInclude>
    <ClInclude Include="MonsterManager.h">
      <Filter>2_Actor\Map\Stage\Monster</Filter>
    </ClInclude>
    <ClInclude Include="MonsterGroupRender.h">
      <Filter>2_Actor\Debug\Tool\Monster</Filter>
    </ClInclude>
    <ClInclude Include="AttackColRender.h">
      <Filter>2_Actor\Debug\Tool\Battle</Filter>
    </ClInclude>
    <ClInclude Include="TilemapPallet.h">
      <Filter>2_Actor\Debug\Tool\Map</Filter>
    </ClInclude>
    <ClInclude Include="TilemapHoverRenderActor.h">
      <Filter>2_Actor\Debug\Tool\Map</Filter>
    </ClInclude>
    <ClInclude Include="TilemapOutlineRenderActor.h">
      <Filter>2_Actor\Debug\Tool\Map</Filter>
    </ClInclude>
    <ClInclude Include="PlayerSpawnPointRenderer.h">
      <Filter>2_Actor\Debug\Tool\Map</Filter>
    </ClInclude>
    <ClInclude Include="MonsterDebugRender.h">
      <Filter>2_Actor\Debug\Tool\Monster</Filter>
    </ClInclude>
    <ClInclude Include="ScaleDebugRender.h">
      <Filter>2_Actor\Debug\Common</Filter>
    </ClInclude>
    <ClInclude Include="CollisionDebugRender.h">
      <Filter>2_Actor\Debug\Common</Filter>
    </ClInclude>
    <ClInclude Include="BaseDoor.h">
      <Filter>2_Actor\Map\Door</Filter>
    </ClInclude>
  </ItemGroup>
  <ItemGroup>
    <ClCompile Include="ContentCore.cpp">
      <Filter>0_Core</Filter>
    </ClCompile>
    <ClCompile Include="BaseContentActor.cpp">
      <Filter>2_Actor</Filter>
    </ClCompile>
    <ClCompile Include="ClassFSM.cpp">
      <Filter>1_Class\Base\FSM</Filter>
    </ClCompile>
    <ClCompile Include="ContentConst.cpp">
      <Filter>1_Class\Base\Common</Filter>
    </ClCompile>
    <ClCompile Include="PrecompileHeader.cpp">
      <Filter>1_Class\Base\PCH</Filter>
    </ClCompile>
    <ClCompile Include="ContentDatabase.cpp">
      <Filter>1_Class\Base\Data</Filter>
    </ClCompile>
    <ClCompile Include="SkullData.cpp">
      <Filter>1_Class\Base\Data\Skull</Filter>
    </ClCompile>
    <ClCompile Include="ItemData.cpp">
      <Filter>1_Class\Base\Data\Item</Filter>
    </ClCompile>
    <ClCompile Include="ContentEnum.cpp">
      <Filter>1_Class\Base\Common</Filter>
    </ClCompile>
    <ClCompile Include="BaseCommonData.cpp">
      <Filter>1_Class\Base\Data</Filter>
    </ClCompile>
    <ClCompile Include="ShaderDebugLevel.cpp">
      <Filter>4_Level\DebugLevel\Test\Shader</Filter>
    </ClCompile>
    <ClCompile Include="ContentVertex.cpp">
      <Filter>1_Class\Shader\ContentVertex</Filter>
    </ClCompile>
    <ClCompile Include="AbilityCommonData.cpp">
      <Filter>1_Class\Base\Data</Filter>
    </ClCompile>
    <ClCompile Include="ContentDebug.cpp">
      <Filter>1_Class\Base\Debug</Filter>
    </ClCompile>
    <ClCompile Include="MonsterData.cpp">
      <Filter>1_Class\Base\Data\Monster</Filter>
    </ClCompile>
    <ClCompile Include="QuintessenceData.cpp">
      <Filter>1_Class\Base\Data\Quintessence</Filter>
    </ClCompile>
    <ClCompile Include="Rigidbody2D.cpp">
      <Filter>1_Class\Physics</Filter>
    </ClCompile>
    <ClCompile Include="TileMetaData.cpp">
      <Filter>1_Class\Base\Data\Tile</Filter>
    </ClCompile>
    <ClCompile Include="TileActor.cpp">
      <Filter>2_Actor\Map\Stage\Tile</Filter>
    </ClCompile>
    <ClCompile Include="Tilemap.cpp">
      <Filter>2_Actor\Map\Stage\Tile</Filter>
    </ClCompile>
    <ClCompile Include="int2.cpp">
      <Filter>1_Class\Base\Math</Filter>
    </ClCompile>
    <ClCompile Include="ContentLevel.cpp">
      <Filter>4_Level</Filter>
    </ClCompile>
    <ClCompile Include="CameraController.cpp">
      <Filter>1_Class\Camera</Filter>
    </ClCompile>
    <ClCompile Include="Background.cpp">
      <Filter>2_Actor\Map\Background</Filter>
    </ClCompile>
    <ClCompile Include="MultiBackground.cpp">
      <Filter>2_Actor\Map\Background</Filter>
    </ClCompile>
    <ClCompile Include="CastleLevel.cpp">
      <Filter>4_Level\GameLevel\BattleLevel\Castle</Filter>
    </ClCompile>
    <ClCompile Include="ForestOfHarmonyLevel.cpp">
      <Filter>4_Level\GameLevel\BattleLevel\ForestOfMarmony</Filter>
    </ClCompile>
    <ClCompile Include="GrandHallLevel.cpp">
      <Filter>4_Level\GameLevel\BattleLevel\GrandHall</Filter>
    </ClCompile>
    <ClCompile Include="HolyCourtyardLevel.cpp">
      <Filter>4_Level\GameLevel\BattleLevel\HolyCourtyard</Filter>
    </ClCompile>
    <ClCompile Include="OpeningLevel.cpp">
      <Filter>4_Level\GameLevel\BattleLevel\Opening</Filter>
    </ClCompile>
    <ClCompile Include="ShopLevel.cpp">
      <Filter>4_Level\GameLevel\BattleLevel\Shop</Filter>
    </ClCompile>
    <ClCompile Include="BattleLevel.cpp">
      <Filter>4_Level\GameLevel\BattleLevel</Filter>
    </ClCompile>
    <ClCompile Include="TitleLevel.cpp">
      <Filter>4_Level\GameLevel\UILevel\Logo</Filter>
    </ClCompile>
    <ClCompile Include="StoryLevel.cpp">
      <Filter>4_Level\GameLevel\UILevel\Story</Filter>
    </ClCompile>
    <ClCompile Include="UILevel.cpp">
      <Filter>4_Level\GameLevel\UILevel</Filter>
    </ClCompile>
    <ClCompile Include="PlayerBaseSkull.cpp">
      <Filter>2_Actor\BattleActor\Player\Skull</Filter>
    </ClCompile>
    <ClCompile Include="BoneSkull.cpp">
      <Filter>2_Actor\BattleActor\Player\Skull\BoneSkull</Filter>
    </ClCompile>
    <ClCompile Include="StaticObject.cpp">
      <Filter>2_Actor\Map\Stage\Object\StaticObject</Filter>
    </ClCompile>
    <ClCompile Include="ObjectManager.cpp">
      <Filter>2_Actor\Map\Stage\Object</Filter>
    </ClCompile>
    <ClCompile Include="FadeActor.cpp">
      <Filter>2_Actor\UI\Common</Filter>
    </ClCompile>
    <ClCompile Include="StoryFrontImage.cpp">
      <Filter>2_Actor\UI\Story</Filter>
    </ClCompile>
    <ClCompile Include="StoryTextureView.cpp">
      <Filter>2_Actor\UI\Story</Filter>
    </ClCompile>
    <ClCompile Include="StoryLevel_SetStory.cpp">
      <Filter>4_Level\GameLevel\UILevel\Story</Filter>
    </ClCompile>
    <ClCompile Include="ContentFunc.cpp">
      <Filter>1_Class\Base\Common</Filter>
    </ClCompile>
    <ClCompile Include="StoryWalkHelper.cpp">
      <Filter>1_Class\Story</Filter>
    </ClCompile>
    <ClCompile Include="StoryPage.cpp">
      <Filter>1_Class\Story</Filter>
    </ClCompile>
    <ClCompile Include="StoryBook.cpp">
      <Filter>1_Class\Story</Filter>
    </ClCompile>
    <ClCompile Include="StoryBackImage.cpp">
      <Filter>2_Actor\UI\Story</Filter>
    </ClCompile>
    <ClCompile Include="EndingLogoLevel.cpp">
      <Filter>4_Level\GameLevel\UILevel\Logo</Filter>
    </ClCompile>
    <ClCompile Include="BlackBackground.cpp">
      <Filter>2_Actor\UI\Common</Filter>
    </ClCompile>
    <ClCompile Include="SkulLogo.cpp">
      <Filter>2_Actor\UI\Ending</Filter>
    </ClCompile>
    <ClCompile Include="TitleLogo.cpp">
      <Filter>2_Actor\UI\Title</Filter>
    </ClCompile>
    <ClCompile Include="TitleActor.cpp">
      <Filter>2_Actor\UI\Title</Filter>
    </ClCompile>
    <ClCompile Include="InventoryUI.cpp">
      <Filter>2_Actor\UI\Inventory</Filter>
    </ClCompile>
    <ClCompile Include="InventoryDebugLevel.cpp">
      <Filter>4_Level\DebugLevel\Test\InventoryDebug</Filter>
    </ClCompile>
    <ClCompile Include="InventorySlot.cpp">
      <Filter>2_Actor\UI\Inventory\InventorySlot</Filter>
    </ClCompile>
    <ClCompile Include="InventorySkullPopup.cpp">
      <Filter>2_Actor\UI\Inventory\Popup</Filter>
    </ClCompile>
    <ClCompile Include="InventoryItemPopup.cpp">
      <Filter>2_Actor\UI\Inventory\Popup</Filter>
    </ClCompile>
    <ClCompile Include="InventoryQuintessencePopup.cpp">
      <Filter>2_Actor\UI\Inventory\Popup</Filter>
    </ClCompile>
    <ClCompile Include="InventoryStatPopup.cpp">
      <Filter>2_Actor\UI\Inventory\Popup</Filter>
    </ClCompile>
    <ClCompile Include="CaptureRenderer.cpp">
      <Filter>2_Actor\BattleActor\Player\Capture</Filter>
    </ClCompile>
    <ClCompile Include="CaptureTrail.cpp">
      <Filter>2_Actor\BattleActor\Player\Capture</Filter>
    </ClCompile>
    <ClCompile Include="MapToolLevel.cpp">
      <Filter>4_Level\DebugLevel\Tool\MapTool</Filter>
    </ClCompile>
    <ClCompile Include="ContentShaderBuffer.cpp">
      <Filter>1_Class\Shader\ShaderBuffer</Filter>
    </ClCompile>
    <ClCompile Include="DebugBoxActor.cpp">
      <Filter>2_Actor\Debug\Common</Filter>
    </ClCompile>
    <ClCompile Include="DebugSpriteActor.cpp">
      <Filter>2_Actor\Debug\Common</Filter>
    </ClCompile>
    <ClCompile Include="DebugTrailActor.cpp">
      <Filter>2_Actor\Debug\Common</Filter>
    </ClCompile>
    <ClCompile Include="MouseCursorFollowTex.cpp">
      <Filter>2_Actor\Debug\Tool</Filter>
    </ClCompile>
    <ClCompile Include="BrokenObject.cpp">
      <Filter>2_Actor\Map\Stage\Object\BrokenObject</Filter>
    </ClCompile>
    <ClCompile Include="BackgroundToolLevel.cpp">
      <Filter>4_Level\DebugLevel\Tool\BackgroundTool</Filter>
    </ClCompile>
    <ClCompile Include="ContentCore_TilemapData.cpp">
      <Filter>0_Core\CoreLoad</Filter>
    </ClCompile>
    <ClCompile Include="ContentCore_ItemData.cpp">
      <Filter>0_Core\CoreLoad</Filter>
    </ClCompile>
    <ClCompile Include="ContentCore_MonsterData.cpp">
      <Filter>0_Core\CoreLoad</Filter>
    </ClCompile>
    <ClCompile Include="ContentCore_QuintessenceData.cpp">
      <Filter>0_Core\CoreLoad</Filter>
    </ClCompile>
    <ClCompile Include="ContentCore_SkullData.cpp">
      <Filter>0_Core\CoreLoad</Filter>
    </ClCompile>
    <ClCompile Include="ContentCore_StaticObject.cpp">
      <Filter>0_Core\CoreLoad</Filter>
    </ClCompile>
    <ClCompile Include="ContentCore_BackgroundData.cpp">
      <Filter>0_Core\CoreLoad</Filter>
    </ClCompile>
    <ClCompile Include="BackgroundToolGUI.cpp">
      <Filter>5_GUI\Tool</Filter>
    </ClCompile>
    <ClCompile Include="MapToolGUI.cpp">
      <Filter>5_GUI\Tool</Filter>
    </ClCompile>
    <ClCompile Include="GameEngineActorGUI.cpp">
      <Filter>5_GUI\Common</Filter>
    </ClCompile>
    <ClCompile Include="LevelMoveGUI.cpp">
      <Filter>5_GUI\Common</Filter>
    </ClCompile>
    <ClCompile Include="BattleArea.cpp">
      <Filter>2_Actor\Map</Filter>
    </ClCompile>
    <ClCompile Include="BattleStage.cpp">
      <Filter>2_Actor\Map\Stage</Filter>
    </ClCompile>
    <ClCompile Include="MapPlatform.cpp">
      <Filter>2_Actor\Map\Stage\Object\MapPlatform</Filter>
    </ClCompile>
    <ClCompile Include="PlayerBaseSkull_FSM.cpp">
      <Filter>2_Actor\BattleActor\Player\Skull</Filter>
    </ClCompile>
    <ClCompile Include="GameEventManager.cpp">
      <Filter>2_Actor\Map\Stage\Event</Filter>
    </ClCompile>
    <ClCompile Include="PhysicsDebugLevel.cpp">
      <Filter>4_Level\DebugLevel\Test\Physics</Filter>
    </ClCompile>
    <ClCompile Include="DebugRigidbodyTestActor.cpp">
      <Filter>2_Actor\Debug\Common</Filter>
    </ClCompile>
    <ClCompile Include="AnimationCollisionToolGUI.cpp">
      <Filter>5_GUI\Tool</Filter>
    </ClCompile>
    <ClCompile Include="AnimationColToolLevel.cpp">
      <Filter>4_Level\DebugLevel\Tool\AttackColTool</Filter>
    </ClCompile>
    <ClCompile Include="AnimationAttackMetaData.cpp">
      <Filter>1_Class\Battle</Filter>
    </ClCompile>
    <ClCompile Include="MapParticleBase.cpp">
      <Filter>2_Actor\Map\Stage\Particle</Filter>
    </ClCompile>
    <ClCompile Include="ForestOfHarmony_MapParticle.cpp">
      <Filter>2_Actor\Map\Stage\Particle\ForestOfHarmony</Filter>
    </ClCompile>
    <ClCompile Include="ParticleManager.cpp">
      <Filter>2_Actor\Map\Stage\Particle</Filter>
    </ClCompile>
    <ClCompile Include="ParticleArea.cpp">
      <Filter>2_Actor\Map\Stage\Particle</Filter>
    </ClCompile>
    <ClCompile Include="Opening_MapParticle.cpp">
      <Filter>2_Actor\Map\Stage\Particle\Opening</Filter>
    </ClCompile>
    <ClCompile Include="Castle_MapParticle.cpp">
      <Filter>2_Actor\Map\Stage\Particle\Castle</Filter>
    </ClCompile>
    <ClCompile Include="ForestOfHarmony_MapBlueParticle.cpp">
      <Filter>2_Actor\Map\Stage\Particle\ForestOfHarmony</Filter>
    </ClCompile>
    <ClCompile Include="ParticleAreaDebugRender.cpp">
      <Filter>2_Actor\Map\Stage\Particle</Filter>
    </ClCompile>
    <ClCompile Include="EffectManager.cpp">
      <Filter>1_Class\Effect</Filter>
    </ClCompile>
    <ClCompile Include="EffectActor.cpp">
      <Filter>2_Actor\Effect</Filter>
    </ClCompile>
    <ClCompile Include="AttackColToolAnimActor.cpp">
      <Filter>2_Actor\Debug</Filter>
    </ClCompile>
    <ClCompile Include="TilemapDebugLevel.cpp">
      <Filter>4_Level\DebugLevel\Test\Tilemap</Filter>
    </ClCompile>
    <ClCompile Include="TilemapDebugActor.cpp">
      <Filter>2_Actor\Debug\Tilemap</Filter>
    </ClCompile>
    <ClCompile Include="ContentSpriteRenderer.cpp">
      <Filter>3_Component\Renderer</Filter>
    </ClCompile>
    <ClCompile Include="BoneHead.cpp">
      <Filter>2_Actor\BattleActor\Player\Skull\BoneSkull</Filter>
    </ClCompile>
    <ClCompile Include="ChiefGuard.cpp">
      <Filter>2_Actor\BattleActor\Player\Skull\ChiefGuard</Filter>
    </ClCompile>
    <ClCompile Include="Inventory.cpp">
      <Filter>1_Class\Player</Filter>
    </ClCompile>
    <ClCompile Include="Player.cpp">
      <Filter>2_Actor\BattleActor\Player</Filter>
    </ClCompile>
    <ClCompile Include="Projectile.cpp">
      <Filter>2_Actor\Projectile</Filter>
    </ClCompile>
    <ClCompile Include="BaseMonster.cpp">
      <Filter>2_Actor\BattleActor\Monster</Filter>
    </ClCompile>
    <ClCompile Include="FPSCheckGUI.cpp">
      <Filter>5_GUI\Common</Filter>
    </ClCompile>
    <ClCompile Include="BaseMonster_FSM.cpp">
      <Filter>2_Actor\BattleActor\Monster</Filter>
    </ClCompile>
    <ClCompile Include="ColEnterCheck.cpp">
      <Filter>1_Class\Battle</Filter>
    </ClCompile>
    <ClCompile Include="AnimAttackCheck.cpp">
      <Filter>1_Class\Battle</Filter>
    </ClCompile>
    <ClCompile Include="HitParticle.cpp">
      <Filter>2_Actor\BattleActor\Monster\Particle</Filter>
    </ClCompile>
    <ClCompile Include="CarleonArcher.cpp">
      <Filter>2_Actor\BattleActor\Monster\Opening</Filter>
    </ClCompile>
    <ClCompile Include="CarleonRecruit.cpp">
      <Filter>2_Actor\BattleActor\Monster\Opening</Filter>
    </ClCompile>
    <ClCompile Include="CarleonManAtArms.cpp">
      <Filter>2_Actor\BattleActor\Monster\ForestOfHarmony</Filter>
    </ClCompile>
    <ClCompile Include="Ent.cpp">
      <Filter>2_Actor\BattleActor\Monster\ForestOfHarmony</Filter>
    </ClCompile>
    <ClCompile Include="RootEnt.cpp">
      <Filter>2_Actor\BattleActor\Monster\ForestOfHarmony</Filter>
    </ClCompile>
    <ClCompile Include="GiantEnt.cpp">
      <Filter>2_Actor\BattleActor\Monster\ForestOfHarmony</Filter>
    </ClCompile>
    <ClCompile Include="GiantEnt_FSM.cpp">
      <Filter>2_Actor\BattleActor\Monster\ForestOfHarmony</Filter>
    </ClCompile>
    <ClCompile Include="BlossomEnt.cpp">
      <Filter>2_Actor\BattleActor\Monster\ForestOfHarmony</Filter>
    </ClCompile>
    <ClCompile Include="FlameWizard.cpp">
      <Filter>2_Actor\BattleActor\Monster\ForestOfHarmony</Filter>
    </ClCompile>
    <ClCompile Include="GlacialWizard.cpp">
      <Filter>2_Actor\BattleActor\Monster\ForestOfHarmony</Filter>
    </ClCompile>
    <ClCompile Include="RigidProjectile.cpp">
      <Filter>2_Actor\Projectile</Filter>
    </ClCompile>
    <ClCompile Include="BattleActor.cpp">
      <Filter>2_Actor\BattleActor</Filter>
    </ClCompile>
    <ClCompile Include="ContentUIRender.cpp">
      <Filter>3_Component\Renderer</Filter>
    </ClCompile>
    <ClCompile Include="HealthBar.cpp">
      <Filter>2_Actor\UI\Monster</Filter>
    </ClCompile>
    <ClCompile Include="DeadPartParticle.cpp">
      <Filter>2_Actor\BattleActor\Monster\Particle</Filter>
    </ClCompile>
    <ClCompile Include="PlayerStateFrame.cpp">
      <Filter>2_Actor\UI\Player</Filter>
    </ClCompile>
    <ClCompile Include="BaseQuintessence.cpp">
      <Filter>2_Actor\BattleActor\Player\Quintessence</Filter>
    </ClCompile>
    <ClCompile Include="ProgressUI.cpp">
      <Filter>2_Actor\UI\Common</Filter>
    </ClCompile>
    <ClCompile Include="ProgressUI_Circle.cpp">
      <Filter>2_Actor\UI\Common</Filter>
    </ClCompile>
    <ClCompile Include="PlayerState.cpp">
      <Filter>1_Class\Player</Filter>
    </ClCompile>
    <ClCompile Include="PlayerHealthBar.cpp">
      <Filter>2_Actor\UI\Player</Filter>
    </ClCompile>
    <ClCompile Include="PlayerHitFade.cpp">
      <Filter>2_Actor\UI\Player</Filter>
    </ClCompile>
    <ClCompile Include="BounceRigidbody2D.cpp">
      <Filter>1_Class\Physics</Filter>
    </ClCompile>
    <ClCompile Include="MonsterManager.cpp">
      <Filter>2_Actor\Map\Stage\Monster</Filter>
    </ClCompile>
    <ClCompile Include="MonsterGroupRender.cpp">
      <Filter>2_Actor\Debug\Tool\Monster</Filter>
    </ClCompile>
    <ClCompile Include="AttackColRender.cpp">
      <Filter>2_Actor\Debug\Tool\Battle</Filter>
    </ClCompile>
    <ClCompile Include="TilemapHoverRenderActor.cpp">
      <Filter>2_Actor\Debug\Tool\Map</Filter>
    </ClCompile>
    <ClCompile Include="TilemapOutlineRenderActor.cpp">
      <Filter>2_Actor\Debug\Tool\Map</Filter>
    </ClCompile>
    <ClCompile Include="TilemapPallet.cpp">
      <Filter>2_Actor\Debug\Tool\Map</Filter>
    </ClCompile>
    <ClCompile Include="PlayerSpawnPointRenderer.cpp">
      <Filter>2_Actor\Debug\Tool\Map</Filter>
    </ClCompile>
    <ClCompile Include="MonsterDebugRender.cpp">
      <Filter>2_Actor\Debug\Tool\Monster</Filter>
    </ClCompile>
    <ClCompile Include="ScaleDebugRender.cpp">
      <Filter>2_Actor\Debug\Common</Filter>
    </ClCompile>
    <ClCompile Include="CollisionDebugRender.cpp">
      <Filter>2_Actor\Debug\Common</Filter>
    </ClCompile>
    <ClCompile Include="BaseDoor.cpp">
      <Filter>2_Actor\Map\Door</Filter>
    </ClCompile>
  </ItemGroup>
  <ItemGroup>
    <None Include="..\Doc\스컬 간트차트.xlsx">
      <Filter>7_Doc</Filter>
    </None>
    <None Include="..\Doc\아이템 정리.xlsx">
      <Filter>7_Doc</Filter>
    </None>
    <None Include="..\Doc\스컬 ppt.pptx">
      <Filter>7_Doc</Filter>
    </None>
  </ItemGroup>
</Project>